
Microsoft Visual Studio Solution File, Format Version 11.00
# Visual Studio 2010
Project("{8BC9CEB8-8B4A-11D0-8D11-00A0C91BC942}") = "lab7-2", "lab7-2.vcxproj", "{EB3E7463-7C18-4A38-82D9-EA28FE824B44}"
EndProject
Global
	GlobalSection(SolutionConfigurationPlatforms) = preSolution
		Debug|Win32 = Debug|Win32
		Release|Win32 = Release|Win32
	EndGlobalSection
	GlobalSection(ProjectConfigurationPlatforms) = postSolution
		{EB3E7463-7C18-4A38-82D9-EA28FE824B44}.Debug|Win32.ActiveCfg = Debug|Win32
		{EB3E7463-7C18-4A38-82D9-EA28FE824B44}.Debug|Win32.Build.0 = Debug|Win32
		{EB3E7463-7C18-4A38-82D9-EA28FE824B44}.Release|Win32.ActiveCfg = Release|Win32
		{EB3E7463-7C18-4A38-82D9-EA28FE824B44}.Release|Win32.Build.0 = Release|Win32
	EndGlobalSection
	GlobalSection(SolutionProperties) = preSolution
		HideSolutionNode = FALSE
	EndGlobalSection
EndGlobal
