
Microsoft Visual Studio Solution File, Format Version 11.00
# Visual C++ Express 2010
Project("{8BC9CEB8-8B4A-11D0-8D11-00A0C91BC942}") = "lab6-1", "lab6-1.vcxproj", "{AD7A51FC-3FF4-4164-8E95-0AA85B58524E}"
EndProject
Global
	GlobalSection(SolutionConfigurationPlatforms) = preSolution
		Debug|Win32 = Debug|Win32
		Release|Win32 = Release|Win32
	EndGlobalSection
	GlobalSection(ProjectConfigurationPlatforms) = postSolution
		{AD7A51FC-3FF4-4164-8E95-0AA85B58524E}.Debug|Win32.ActiveCfg = Debug|Win32
		{AD7A51FC-3FF4-4164-8E95-0AA85B58524E}.Debug|Win32.Build.0 = Debug|Win32
		{AD7A51FC-3FF4-4164-8E95-0AA85B58524E}.Release|Win32.ActiveCfg = Release|Win32
		{AD7A51FC-3FF4-4164-8E95-0AA85B58524E}.Release|Win32.Build.0 = Release|Win32
	EndGlobalSection
	GlobalSection(SolutionProperties) = preSolution
		HideSolutionNode = FALSE
	EndGlobalSection
EndGlobal
