
Microsoft Visual Studio Solution File, Format Version 11.00
# Visual C++ Express 2010
Project("{8BC9CEB8-8B4A-11D0-8D11-00A0C91BC942}") = "lab6-1", "lab6-1.vcxproj", "{A48FF8B1-6A04-4C1E-8C59-27062C0B4E86}"
EndProject
Global
	GlobalSection(SolutionConfigurationPlatforms) = preSolution
		Debug|Win32 = Debug|Win32
		Release|Win32 = Release|Win32
	EndGlobalSection
	GlobalSection(ProjectConfigurationPlatforms) = postSolution
		{A48FF8B1-6A04-4C1E-8C59-27062C0B4E86}.Debug|Win32.ActiveCfg = Debug|Win32
		{A48FF8B1-6A04-4C1E-8C59-27062C0B4E86}.Debug|Win32.Build.0 = Debug|Win32
		{A48FF8B1-6A04-4C1E-8C59-27062C0B4E86}.Release|Win32.ActiveCfg = Release|Win32
		{A48FF8B1-6A04-4C1E-8C59-27062C0B4E86}.Release|Win32.Build.0 = Release|Win32
	EndGlobalSection
	GlobalSection(SolutionProperties) = preSolution
		HideSolutionNode = FALSE
	EndGlobalSection
EndGlobal
