
Microsoft Visual Studio Solution File, Format Version 11.00
# Visual Studio 2010
Project("{8BC9CEB8-8B4A-11D0-8D11-00A0C91BC942}") = "lab14-1", "lab14-1.vcxproj", "{249F1435-6250-41E0-9AB9-A3CC6C26560F}"
EndProject
Global
	GlobalSection(SolutionConfigurationPlatforms) = preSolution
		Debug|Win32 = Debug|Win32
		Release|Win32 = Release|Win32
	EndGlobalSection
	GlobalSection(ProjectConfigurationPlatforms) = postSolution
		{249F1435-6250-41E0-9AB9-A3CC6C26560F}.Debug|Win32.ActiveCfg = Debug|Win32
		{249F1435-6250-41E0-9AB9-A3CC6C26560F}.Debug|Win32.Build.0 = Debug|Win32
		{249F1435-6250-41E0-9AB9-A3CC6C26560F}.Release|Win32.ActiveCfg = Release|Win32
		{249F1435-6250-41E0-9AB9-A3CC6C26560F}.Release|Win32.Build.0 = Release|Win32
	EndGlobalSection
	GlobalSection(SolutionProperties) = preSolution
		HideSolutionNode = FALSE
	EndGlobalSection
EndGlobal
