
Microsoft Visual Studio Solution File, Format Version 11.00
# Visual Studio 2010
Project("{8BC9CEB8-8B4A-11D0-8D11-00A0C91BC942}") = "Homework 4 - File System", "Homework 4 - File System.vcxproj", "{B7448626-E6A8-4940-8FB7-05D3E04C44DD}"
EndProject
Global
	GlobalSection(SolutionConfigurationPlatforms) = preSolution
		Debug|Win32 = Debug|Win32
		Release|Win32 = Release|Win32
	EndGlobalSection
	GlobalSection(ProjectConfigurationPlatforms) = postSolution
		{B7448626-E6A8-4940-8FB7-05D3E04C44DD}.Debug|Win32.ActiveCfg = Debug|Win32
		{B7448626-E6A8-4940-8FB7-05D3E04C44DD}.Debug|Win32.Build.0 = Debug|Win32
		{B7448626-E6A8-4940-8FB7-05D3E04C44DD}.Release|Win32.ActiveCfg = Release|Win32
		{B7448626-E6A8-4940-8FB7-05D3E04C44DD}.Release|Win32.Build.0 = Release|Win32
	EndGlobalSection
	GlobalSection(SolutionProperties) = preSolution
		HideSolutionNode = FALSE
	EndGlobalSection
EndGlobal
